{
  "name": "typedecor",
  "version": "1.0.0",
  "lockfileVersion": 1,
  "requires": true,
  "dependencies": {
    "@types/node": {
      "version": "14.14.10",
      "resolved": "https://artifactory.platform.manulife.io/artifactory/api/npm/mfc-dig-npm/@types/node/-/node-14.14.10.tgz",
      "integrity": "sha1-WVioLkGGPPxx8jB7N0jjSRugN4U=",
      "dev": true
    },
    "arg": {
      "version": "4.1.3",
      "resolved": "https://artifactory.platform.manulife.io/artifactory/api/npm/mfc-dig-npm/arg/-/arg-4.1.3.tgz",
      "integrity": "sha1-Jp/HrVuOQstjyJbVZmAXJhwUQIk=",
      "dev": true
    },
    "balanced-match": {
      "version": "1.0.0",
      "resolved": "https://artifactory.platform.manulife.io/artifactory/api/npm/mfc-dig-npm/balanced-match/-/balanced-match-1.0.0.tgz",
      "integrity": "sha1-ibTRmasr7kneFk6gK4nORi1xt2c=",
      "dev": true
    },
    "brace-expansion": {
      "version": "1.1.11",
      "resolved": "https://artifactory.platform.manulife.io/artifactory/api/npm/mfc-dig-npm/brace-expansion/-/brace-expansion-1.1.11.tgz",
      "integrity": "sha1-PH/L9SnYcibz0vUrlm/1Jx60Qd0=",
      "dev": true,
      "requires": {
        "balanced-match": "^1.0.0",
        "concat-map": "0.0.1"
      }
    },
    "buffer-from": {
      "version": "1.1.1",
      "resolved": "https://artifactory.platform.manulife.io/artifactory/api/npm/mfc-dig-npm/buffer-from/-/buffer-from-1.1.1.tgz",
      "integrity": "sha1-MnE7wCj3XAL9txDXx7zsHyxgcO8=",
      "dev": true
    },
    "concat-map": {
      "version": "0.0.1",
      "resolved": "https://artifactory.platform.manulife.io/artifactory/api/npm/mfc-dig-npm/concat-map/-/concat-map-0.0.1.tgz",
      "integrity": "sha1-2Klr13/Wjfd5OnMDajug1UBdR3s=",
      "dev": true
    },
    "create-require": {
      "version": "1.1.1",
      "resolved": "https://artifactory.platform.manulife.io/artifactory/api/npm/mfc-dig-npm/create-require/-/create-require-1.1.1.tgz",
      "integrity": "sha1-wdfo8eX2z8n/ZfnNNS03NIdWwzM=",
      "dev": true
    },
    "diff": {
      "version": "4.0.2",
      "resolved": "https://artifactory.platform.manulife.io/artifactory/api/npm/mfc-dig-npm/diff/-/diff-4.0.2.tgz",
      "integrity": "sha1-YPOuy4nV+uUgwRqhnvwruYKq3n0=",
      "dev": true
    },
    "fs.realpath": {
      "version": "1.0.0",
      "resolved": "https://artifactory.platform.manulife.io/artifactory/api/npm/mfc-dig-npm/fs.realpath/-/fs.realpath-1.0.0.tgz",
      "integrity": "sha1-FQStJSMVjKpA20onh8sBQRmU6k8=",
      "dev": true
    },
    "glob": {
      "version": "7.1.6",
      "resolved": "https://artifactory.platform.manulife.io/artifactory/api/npm/mfc-dig-npm/glob/-/glob-7.1.6.tgz",
      "integrity": "sha1-FB8zuBp8JJLhJVlDB0gMRmeSeKY=",
      "dev": true,
      "requires": {
        "fs.realpath": "^1.0.0",
        "inflight": "^1.0.4",
        "inherits": "2",
        "minimatch": "^3.0.4",
        "once": "^1.3.0",
        "path-is-absolute": "^1.0.0"
      }
    },
    "inflight": {
      "version": "1.0.6",
      "resolved": "https://artifactory.platform.manulife.io/artifactory/api/npm/mfc-dig-npm/inflight/-/inflight-1.0.6.tgz",
      "integrity": "sha1-Sb1jMdfQLQwJvJEKEHW6gWW1bfk=",
      "dev": true,
      "requires": {
        "once": "^1.3.0",
        "wrappy": "1"
      }
    },
    "inherits": {
      "version": "2.0.4",
      "resolved": "https://artifactory.platform.manulife.io/artifactory/api/npm/mfc-dig-npm/inherits/-/inherits-2.0.4.tgz",
      "integrity": "sha1-D6LGT5MpF8NDOg3tVTY6rjdBa3w=",
      "dev": true
    },
    "make-error": {
      "version": "1.3.6",
      "resolved": "https://artifactory.platform.manulife.io/artifactory/api/npm/mfc-dig-npm/make-error/-/make-error-1.3.6.tgz",
      "integrity": "sha1-LrLjfqm2fEiR9oShOUeZr0hM96I=",
      "dev": true
    },
    "minimatch": {
      "version": "3.0.4",
      "resolved": "https://artifactory.platform.manulife.io/artifactory/api/npm/mfc-dig-npm/minimatch/-/minimatch-3.0.4.tgz",
      "integrity": "sha1-UWbihkV/AzBgZL5Ul+jbsMPTIIM=",
      "dev": true,
      "requires": {
        "brace-expansion": "^1.1.7"
      }
    },
    "once": {
      "version": "1.4.0",
      "resolved": "https://artifactory.platform.manulife.io/artifactory/api/npm/mfc-dig-npm/once/-/once-1.4.0.tgz",
      "integrity": "sha1-WDsap3WWHUsROsF9nFC6753Xa9E=",
      "dev": true,
      "requires": {
        "wrappy": "1"
      }
    },
    "path-is-absolute": {
      "version": "1.0.1",
      "resolved": "https://artifactory.platform.manulife.io/artifactory/api/npm/mfc-dig-npm/path-is-absolute/-/path-is-absolute-1.0.1.tgz",
      "integrity": "sha1-F0uSaHNVNP+8es5r9TpanhtcX18=",
      "dev": true
    },
    "rimraf": {
      "version": "3.0.2",
      "resolved": "https://artifactory.platform.manulife.io/artifactory/api/npm/mfc-dig-npm/rimraf/-/rimraf-3.0.2.tgz",
      "integrity": "sha1-8aVAK6YiCtUswSgrrBrjqkn9Bho=",
      "dev": true,
      "requires": {
        "glob": "^7.1.3"
      }
    },
    "runtypes": {
      "version": "5.0.1",
      "resolved": "https://artifactory.platform.manulife.io/artifactory/api/npm/mfc-dig-npm/runtypes/-/runtypes-5.0.1.tgz",
      "integrity": "sha1-QG0UBBAmb27OF8NQGjcjT5H6o0Y="
    },
    "source-map": {
      "version": "0.6.1",
      "resolved": "https://artifactory.platform.manulife.io/artifactory/api/npm/mfc-dig-npm/source-map/-/source-map-0.6.1.tgz",
      "integrity": "sha1-dHIq8y6WFOnCh6jQu95IteLxomM=",
      "dev": true
    },
    "source-map-support": {
      "version": "0.5.19",
      "resolved": "https://artifactory.platform.manulife.io/artifactory/api/npm/mfc-dig-npm/source-map-support/-/source-map-support-0.5.19.tgz",
      "integrity": "sha1-qYti+G3K9PZzmWSMCFKRq56P7WE=",
      "dev": true,
      "requires": {
        "buffer-from": "^1.0.0",
        "source-map": "^0.6.0"
      }
    },
    "ts-node": {
      "version": "9.1.1",
      "resolved": "https://artifactory.platform.manulife.io/artifactory/api/npm/mfc-dig-npm/ts-node/-/ts-node-9.1.1.tgz",
      "integrity": "sha1-UamkUKPpWUAb2l8ASnLVS5NtN20=",
      "dev": true,
      "requires": {
        "arg": "^4.1.0",
        "create-require": "^1.1.0",
        "diff": "^4.0.1",
        "make-error": "^1.1.1",
        "source-map-support": "^0.5.17",
        "yn": "3.1.1"
      }
    },
    "typescript": {
      "version": "4.1.2",
      "resolved": "https://artifactory.platform.manulife.io/artifactory/api/npm/mfc-dig-npm/typescript/-/typescript-4.1.2.tgz",
      "integrity": "sha1-Y2nvIlFv5eEDBKrlpcSGLbVTgOk=",
      "dev": true
    },
    "wrappy": {
      "version": "1.0.2",
      "resolved": "https://artifactory.platform.manulife.io/artifactory/api/npm/mfc-dig-npm/wrappy/-/wrappy-1.0.2.tgz",
      "integrity": "sha1-tSQ9jz7BqjXxNkYFvA0QNuMKtp8=",
      "dev": true
    },
    "yn": {
      "version": "3.1.1",
      "resolved": "https://artifactory.platform.manulife.io/artifactory/api/npm/mfc-dig-npm/yn/-/yn-3.1.1.tgz",
      "integrity": "sha1-HodAGgnXZ8HV6rJqbkwYUYLS61A=",
      "dev": true
    }
  }
}
